
Microsoft Visual Studio Solution File, Format Version 12.00
# Visual Studio Version 16
VisualStudioVersion = 16.0.30907.101
MinimumVisualStudioVersion = 10.0.40219.1
Project("{2150E333-8FDC-42A3-9474-1A3956D46DE8}") = "Services", "Services", "{497EA16D-B193-48DD-9E66-5682C12CCC7A}"
EndProject
Project("{2150E333-8FDC-42A3-9474-1A3956D46DE8}") = "Catalog", "Catalog", "{68D0F21B-456C-4F4D-935F-F542FA1CFAB3}"
EndProject
Project("{9A19103F-16F7-4668-BE54-9A1E7A4F7556}") = "Catalog.API", "Services\Catalog\Catalog.API\Catalog.API.csproj", "{10081188-BF25-4A1E-A74C-3D34C377909D}"
EndProject
Project("{E53339B2-1760-4266-BCC7-CA923CBCF16C}") = "docker-compose", "docker-compose.dcproj", "{82401C77-28EC-4439-88A3-1693C4AA793E}"
EndProject
Project("{2150E333-8FDC-42A3-9474-1A3956D46DE8}") = "Basket", "Basket", "{EAE0BA6F-CE43-4446-9483-3866E1F19713}"
EndProject
Project("{9A19103F-16F7-4668-BE54-9A1E7A4F7556}") = "Basket.API", "Services\Basket\Basket.API\Basket.API.csproj", "{97B402BC-9535-461F-9978-102B04865B44}"
EndProject
Project("{2150E333-8FDC-42A3-9474-1A3956D46DE8}") = "Discount", "Discount", "{4DEEC346-631E-4F54-9396-EA38417159CC}"
EndProject
Project("{9A19103F-16F7-4668-BE54-9A1E7A4F7556}") = "Discount.API", "Services\Discount\Discount.API\Discount.API.csproj", "{022AE6AF-235D-434C-8952-FCB41F94DF33}"
EndProject
Project("{9A19103F-16F7-4668-BE54-9A1E7A4F7556}") = "Discount.Grpc", "Services\Discount\Discount.Grpc\Discount.Grpc.csproj", "{28B810FC-F7ED-4353-89F5-38E3F01FA377}"
EndProject
Project("{2150E333-8FDC-42A3-9474-1A3956D46DE8}") = "Ordering", "Ordering", "{824E5D7D-3E65-4540-A4D6-DA86C247D074}"
EndProject
Project("{FAE04EC0-301F-11D3-BF4B-00C04F79EFBC}") = "Ordering.API", "Services\Ordering\Ordering.API\Ordering.API.csproj", "{E7570D11-9ED0-49FA-BDB5-6CDE69EFB73B}"
EndProject
Project("{FAE04EC0-301F-11D3-BF4B-00C04F79EFBC}") = "Ordering.Domain", "Services\Ordering\Ordering.Domain\Ordering.Domain.csproj", "{F0733B68-EFE3-43F4-AD24-BE7B53CF8DCC}"
EndProject
Project("{FAE04EC0-301F-11D3-BF4B-00C04F79EFBC}") = "Ordering.Application", "Services\Ordering\Ordering.Application\Ordering.Application.csproj", "{6979C9C9-F730-4952-AF84-EBFC4BE8A754}"
EndProject
Project("{FAE04EC0-301F-11D3-BF4B-00C04F79EFBC}") = "Ordering.Infrastracture", "Services\Ordering\Ordering.Infrastracture\Ordering.Infrastracture.csproj", "{CA6C1D13-E9B6-4672-BEC2-6810EC19DCD7}"
EndProject
Global
	GlobalSection(SolutionConfigurationPlatforms) = preSolution
		Debug|Any CPU = Debug|Any CPU
		Release|Any CPU = Release|Any CPU
	EndGlobalSection
	GlobalSection(ProjectConfigurationPlatforms) = postSolution
		{10081188-BF25-4A1E-A74C-3D34C377909D}.Debug|Any CPU.ActiveCfg = Debug|Any CPU
		{10081188-BF25-4A1E-A74C-3D34C377909D}.Debug|Any CPU.Build.0 = Debug|Any CPU
		{10081188-BF25-4A1E-A74C-3D34C377909D}.Release|Any CPU.ActiveCfg = Release|Any CPU
		{10081188-BF25-4A1E-A74C-3D34C377909D}.Release|Any CPU.Build.0 = Release|Any CPU
		{82401C77-28EC-4439-88A3-1693C4AA793E}.Debug|Any CPU.ActiveCfg = Debug|Any CPU
		{82401C77-28EC-4439-88A3-1693C4AA793E}.Debug|Any CPU.Build.0 = Debug|Any CPU
		{82401C77-28EC-4439-88A3-1693C4AA793E}.Release|Any CPU.ActiveCfg = Release|Any CPU
		{82401C77-28EC-4439-88A3-1693C4AA793E}.Release|Any CPU.Build.0 = Release|Any CPU
		{97B402BC-9535-461F-9978-102B04865B44}.Debug|Any CPU.ActiveCfg = Debug|Any CPU
		{97B402BC-9535-461F-9978-102B04865B44}.Debug|Any CPU.Build.0 = Debug|Any CPU
		{97B402BC-9535-461F-9978-102B04865B44}.Release|Any CPU.ActiveCfg = Release|Any CPU
		{97B402BC-9535-461F-9978-102B04865B44}.Release|Any CPU.Build.0 = Release|Any CPU
		{022AE6AF-235D-434C-8952-FCB41F94DF33}.Debug|Any CPU.ActiveCfg = Debug|Any CPU
		{022AE6AF-235D-434C-8952-FCB41F94DF33}.Debug|Any CPU.Build.0 = Debug|Any CPU
		{022AE6AF-235D-434C-8952-FCB41F94DF33}.Release|Any CPU.ActiveCfg = Release|Any CPU
		{022AE6AF-235D-434C-8952-FCB41F94DF33}.Release|Any CPU.Build.0 = Release|Any CPU
		{28B810FC-F7ED-4353-89F5-38E3F01FA377}.Debug|Any CPU.ActiveCfg = Debug|Any CPU
		{28B810FC-F7ED-4353-89F5-38E3F01FA377}.Debug|Any CPU.Build.0 = Debug|Any CPU
		{28B810FC-F7ED-4353-89F5-38E3F01FA377}.Release|Any CPU.ActiveCfg = Release|Any CPU
		{28B810FC-F7ED-4353-89F5-38E3F01FA377}.Release|Any CPU.Build.0 = Release|Any CPU
		{E7570D11-9ED0-49FA-BDB5-6CDE69EFB73B}.Debug|Any CPU.ActiveCfg = Debug|Any CPU
		{E7570D11-9ED0-49FA-BDB5-6CDE69EFB73B}.Debug|Any CPU.Build.0 = Debug|Any CPU
		{E7570D11-9ED0-49FA-BDB5-6CDE69EFB73B}.Release|Any CPU.ActiveCfg = Release|Any CPU
		{E7570D11-9ED0-49FA-BDB5-6CDE69EFB73B}.Release|Any CPU.Build.0 = Release|Any CPU
		{F0733B68-EFE3-43F4-AD24-BE7B53CF8DCC}.Debug|Any CPU.ActiveCfg = Debug|Any CPU
		{F0733B68-EFE3-43F4-AD24-BE7B53CF8DCC}.Debug|Any CPU.Build.0 = Debug|Any CPU
		{F0733B68-EFE3-43F4-AD24-BE7B53CF8DCC}.Release|Any CPU.ActiveCfg = Release|Any CPU
		{F0733B68-EFE3-43F4-AD24-BE7B53CF8DCC}.Release|Any CPU.Build.0 = Release|Any CPU
		{6979C9C9-F730-4952-AF84-EBFC4BE8A754}.Debug|Any CPU.ActiveCfg = Debug|Any CPU
		{6979C9C9-F730-4952-AF84-EBFC4BE8A754}.Debug|Any CPU.Build.0 = Debug|Any CPU
		{6979C9C9-F730-4952-AF84-EBFC4BE8A754}.Release|Any CPU.ActiveCfg = Release|Any CPU
		{6979C9C9-F730-4952-AF84-EBFC4BE8A754}.Release|Any CPU.Build.0 = Release|Any CPU
		{CA6C1D13-E9B6-4672-BEC2-6810EC19DCD7}.Debug|Any CPU.ActiveCfg = Debug|Any CPU
		{CA6C1D13-E9B6-4672-BEC2-6810EC19DCD7}.Debug|Any CPU.Build.0 = Debug|Any CPU
		{CA6C1D13-E9B6-4672-BEC2-6810EC19DCD7}.Release|Any CPU.ActiveCfg = Release|Any CPU
		{CA6C1D13-E9B6-4672-BEC2-6810EC19DCD7}.Release|Any CPU.Build.0 = Release|Any CPU
	EndGlobalSection
	GlobalSection(SolutionProperties) = preSolution
		HideSolutionNode = FALSE
	EndGlobalSection
	GlobalSection(NestedProjects) = preSolution
		{68D0F21B-456C-4F4D-935F-F542FA1CFAB3} = {497EA16D-B193-48DD-9E66-5682C12CCC7A}
		{10081188-BF25-4A1E-A74C-3D34C377909D} = {68D0F21B-456C-4F4D-935F-F542FA1CFAB3}
		{EAE0BA6F-CE43-4446-9483-3866E1F19713} = {497EA16D-B193-48DD-9E66-5682C12CCC7A}
		{97B402BC-9535-461F-9978-102B04865B44} = {EAE0BA6F-CE43-4446-9483-3866E1F19713}
		{4DEEC346-631E-4F54-9396-EA38417159CC} = {497EA16D-B193-48DD-9E66-5682C12CCC7A}
		{022AE6AF-235D-434C-8952-FCB41F94DF33} = {4DEEC346-631E-4F54-9396-EA38417159CC}
		{28B810FC-F7ED-4353-89F5-38E3F01FA377} = {4DEEC346-631E-4F54-9396-EA38417159CC}
		{824E5D7D-3E65-4540-A4D6-DA86C247D074} = {497EA16D-B193-48DD-9E66-5682C12CCC7A}
		{E7570D11-9ED0-49FA-BDB5-6CDE69EFB73B} = {824E5D7D-3E65-4540-A4D6-DA86C247D074}
		{F0733B68-EFE3-43F4-AD24-BE7B53CF8DCC} = {824E5D7D-3E65-4540-A4D6-DA86C247D074}
		{6979C9C9-F730-4952-AF84-EBFC4BE8A754} = {824E5D7D-3E65-4540-A4D6-DA86C247D074}
		{CA6C1D13-E9B6-4672-BEC2-6810EC19DCD7} = {824E5D7D-3E65-4540-A4D6-DA86C247D074}
	EndGlobalSection
	GlobalSection(ExtensibilityGlobals) = postSolution
		SolutionGuid = {69B0E4EF-42A2-4B2C-A333-F30957068F7C}
	EndGlobalSection
EndGlobal
